
Microsoft Visual Studio Solution File, Format Version 12.00
# Visual Studio Version 17
VisualStudioVersion = 17.1.32210.238
MinimumVisualStudioVersion = 10.0.40219.1
Project("{FAE04EC0-301F-11D3-BF4B-00C04F79EFBC}") = "OOPS_Project", "OOPS_Project\OOPS_Project.csproj", "{6564FA21-C6B4-440B-A241-3B674D972235}"
EndProject
Global
	GlobalSection(SolutionConfigurationPlatforms) = preSolution
		Debug|Any CPU = Debug|Any CPU
		Release|Any CPU = Release|Any CPU
	EndGlobalSection
	GlobalSection(ProjectConfigurationPlatforms) = postSolution
		{6564FA21-C6B4-440B-A241-3B674D972235}.Debug|Any CPU.ActiveCfg = Debug|Any CPU
		{6564FA21-C6B4-440B-A241-3B674D972235}.Debug|Any CPU.Build.0 = Debug|Any CPU
		{6564FA21-C6B4-440B-A241-3B674D972235}.Release|Any CPU.ActiveCfg = Release|Any CPU
		{6564FA21-C6B4-440B-A241-3B674D972235}.Release|Any CPU.Build.0 = Release|Any CPU
	EndGlobalSection
	GlobalSection(SolutionProperties) = preSolution
		HideSolutionNode = FALSE
	EndGlobalSection
	GlobalSection(ExtensibilityGlobals) = postSolution
		SolutionGuid = {E2CF7A44-3958-4977-B1E5-3C3482079AF1}
	EndGlobalSection
EndGlobal
